
Microsoft Visual Studio Solution File, Format Version 12.00
# Visual Studio Version 17
VisualStudioVersion = 17.3.32825.248
MinimumVisualStudioVersion = 10.0.40219.1
Project("{FAE04EC0-301F-11D3-BF4B-00C04F79EFBC}") = "LynkApi", "LynkApi\LynkApi.csproj", "{80AC5242-4127-4FB3-8D3A-3B9F2F133BA4}"
EndProject
Global
	GlobalSection(SolutionConfigurationPlatforms) = preSolution
		Debug|Any CPU = Debug|Any CPU
		Release|Any CPU = Release|Any CPU
	EndGlobalSection
	GlobalSection(ProjectConfigurationPlatforms) = postSolution
		{80AC5242-4127-4FB3-8D3A-3B9F2F133BA4}.Debug|Any CPU.ActiveCfg = Debug|Any CPU
		{80AC5242-4127-4FB3-8D3A-3B9F2F133BA4}.Debug|Any CPU.Build.0 = Debug|Any CPU
		{80AC5242-4127-4FB3-8D3A-3B9F2F133BA4}.Release|Any CPU.ActiveCfg = Release|Any CPU
		{80AC5242-4127-4FB3-8D3A-3B9F2F133BA4}.Release|Any CPU.Build.0 = Release|Any CPU
	EndGlobalSection
	GlobalSection(SolutionProperties) = preSolution
		HideSolutionNode = FALSE
	EndGlobalSection
	GlobalSection(ExtensibilityGlobals) = postSolution
		SolutionGuid = {4BF084A3-A5AB-4212-A471-7CF48A3824BD}
	EndGlobalSection
EndGlobal
